
Microsoft Visual Studio Solution File, Format Version 12.00
# Visual Studio Version 16
VisualStudioVersion = 16.0.30608.117
MinimumVisualStudioVersion = 10.0.40219.1
Project("{9A19103F-16F7-4668-BE54-9A1E7A4F7556}") = "FactorioTech.Web", "src\FactorioTech.Web.csproj", "{44296D58-61BE-41AE-B110-025CA2ECBB0D}"
EndProject
Global
	GlobalSection(SolutionConfigurationPlatforms) = preSolution
		Debug|Any CPU = Debug|Any CPU
		Release|Any CPU = Release|Any CPU
	EndGlobalSection
	GlobalSection(ProjectConfigurationPlatforms) = postSolution
		{44296D58-61BE-41AE-B110-025CA2ECBB0D}.Debug|Any CPU.ActiveCfg = Debug|Any CPU
		{44296D58-61BE-41AE-B110-025CA2ECBB0D}.Debug|Any CPU.Build.0 = Debug|Any CPU
		{44296D58-61BE-41AE-B110-025CA2ECBB0D}.Release|Any CPU.ActiveCfg = Release|Any CPU
		{44296D58-61BE-41AE-B110-025CA2ECBB0D}.Release|Any CPU.Build.0 = Release|Any CPU
	EndGlobalSection
	GlobalSection(SolutionProperties) = preSolution
		HideSolutionNode = FALSE
	EndGlobalSection
	GlobalSection(ExtensibilityGlobals) = postSolution
		SolutionGuid = {E099AE80-410D-48CF-82F7-FBFE41878CF1}
	EndGlobalSection
EndGlobal
