
Microsoft Visual Studio Solution File, Format Version 12.00
# Visual Studio Version 16
VisualStudioVersion = 16.0.30608.117
MinimumVisualStudioVersion = 10.0.40219.1
Project("{9A19103F-16F7-4668-BE54-9A1E7A4F7556}") = "FactorioTech.Web", "src\FactorioTech.Web.csproj", "{44296D58-61BE-41AE-B110-025CA2ECBB0D}"
EndProject
Project("{FAE04EC0-301F-11D3-BF4B-00C04F79EFBC}") = "FactorioTech.Tests", "test\FactorioTech.Tests\FactorioTech.Tests.csproj", "{BA2619F7-E91C-4A8D-BC1A-A1490E041E51}"
EndProject
Project("{2150E333-8FDC-42A3-9474-1A3956D46DE8}") = "src", "src", "{17E636A9-BC53-4A85-A566-FCE065CDEF62}"
EndProject
Project("{2150E333-8FDC-42A3-9474-1A3956D46DE8}") = "test", "test", "{684B3D0F-7AF6-4B7B-BD94-A29669218488}"
EndProject
Global
	GlobalSection(SolutionConfigurationPlatforms) = preSolution
		Debug|Any CPU = Debug|Any CPU
		Release|Any CPU = Release|Any CPU
	EndGlobalSection
	GlobalSection(ProjectConfigurationPlatforms) = postSolution
		{44296D58-61BE-41AE-B110-025CA2ECBB0D}.Debug|Any CPU.ActiveCfg = Debug|Any CPU
		{44296D58-61BE-41AE-B110-025CA2ECBB0D}.Debug|Any CPU.Build.0 = Debug|Any CPU
		{44296D58-61BE-41AE-B110-025CA2ECBB0D}.Release|Any CPU.ActiveCfg = Release|Any CPU
		{44296D58-61BE-41AE-B110-025CA2ECBB0D}.Release|Any CPU.Build.0 = Release|Any CPU
		{BA2619F7-E91C-4A8D-BC1A-A1490E041E51}.Debug|Any CPU.ActiveCfg = Debug|Any CPU
		{BA2619F7-E91C-4A8D-BC1A-A1490E041E51}.Debug|Any CPU.Build.0 = Debug|Any CPU
		{BA2619F7-E91C-4A8D-BC1A-A1490E041E51}.Release|Any CPU.ActiveCfg = Release|Any CPU
		{BA2619F7-E91C-4A8D-BC1A-A1490E041E51}.Release|Any CPU.Build.0 = Release|Any CPU
	EndGlobalSection
	GlobalSection(SolutionProperties) = preSolution
		HideSolutionNode = FALSE
	EndGlobalSection
	GlobalSection(NestedProjects) = preSolution
		{44296D58-61BE-41AE-B110-025CA2ECBB0D} = {17E636A9-BC53-4A85-A566-FCE065CDEF62}
		{BA2619F7-E91C-4A8D-BC1A-A1490E041E51} = {684B3D0F-7AF6-4B7B-BD94-A29669218488}
	EndGlobalSection
	GlobalSection(ExtensibilityGlobals) = postSolution
		SolutionGuid = {E099AE80-410D-48CF-82F7-FBFE41878CF1}
	EndGlobalSection
EndGlobal
