
Microsoft Visual Studio Solution File, Format Version 12.00
# Visual Studio Version 16
VisualStudioVersion = 16.0.30608.117
MinimumVisualStudioVersion = 10.0.40219.1
Project("{2150E333-8FDC-42A3-9474-1A3956D46DE8}") = "src", "src", "{17E636A9-BC53-4A85-A566-FCE065CDEF62}"
EndProject
Project("{9A19103F-16F7-4668-BE54-9A1E7A4F7556}") = "FactorioTech.Core", "src\FactorioTech.Core\FactorioTech.Core.csproj", "{3487BD5A-E0F8-4482-8163-A59882835D39}"
EndProject
Project("{9A19103F-16F7-4668-BE54-9A1E7A4F7556}") = "FactorioTech.Api", "src\FactorioTech.Api\FactorioTech.Api.csproj", "{453167AD-453E-4CE2-B031-1E4A6B94E3D0}"
EndProject
Project("{9A19103F-16F7-4668-BE54-9A1E7A4F7556}") = "FactorioTech.Identity", "src\FactorioTech.Identity\FactorioTech.Identity.csproj", "{433C828B-858E-4012-95FE-B0598817F334}"
EndProject
Project("{2150E333-8FDC-42A3-9474-1A3956D46DE8}") = "test", "test", "{684B3D0F-7AF6-4B7B-BD94-A29669218488}"
EndProject
Project("{9A19103F-16F7-4668-BE54-9A1E7A4F7556}") = "FactorioTech.Tests", "test\FactorioTech.Tests\FactorioTech.Tests.csproj", "{BA2619F7-E91C-4A8D-BC1A-A1490E041E51}"
EndProject
Project("{2150E333-8FDC-42A3-9474-1A3956D46DE8}") = "Solution Items", "Solution Items", "{39304A28-11C3-4191-9160-B21C680D8A1B}"
	ProjectSection(SolutionItems) = preProject
		.dockerignore = .dockerignore
		..\.editorconfig = ..\.editorconfig
		..\docker-compose.yaml = ..\docker-compose.yaml
		Dockerfile = Dockerfile
		..\README.md = ..\README.md
	EndProjectSection
EndProject
Global
	GlobalSection(SolutionConfigurationPlatforms) = preSolution
		Debug|Any CPU = Debug|Any CPU
		Release|Any CPU = Release|Any CPU
	EndGlobalSection
	GlobalSection(ProjectConfigurationPlatforms) = postSolution
		{3487BD5A-E0F8-4482-8163-A59882835D39}.Debug|Any CPU.ActiveCfg = Debug|Any CPU
		{3487BD5A-E0F8-4482-8163-A59882835D39}.Debug|Any CPU.Build.0 = Debug|Any CPU
		{3487BD5A-E0F8-4482-8163-A59882835D39}.Release|Any CPU.ActiveCfg = Release|Any CPU
		{3487BD5A-E0F8-4482-8163-A59882835D39}.Release|Any CPU.Build.0 = Release|Any CPU
		{453167AD-453E-4CE2-B031-1E4A6B94E3D0}.Debug|Any CPU.ActiveCfg = Debug|Any CPU
		{453167AD-453E-4CE2-B031-1E4A6B94E3D0}.Debug|Any CPU.Build.0 = Debug|Any CPU
		{453167AD-453E-4CE2-B031-1E4A6B94E3D0}.Release|Any CPU.ActiveCfg = Release|Any CPU
		{453167AD-453E-4CE2-B031-1E4A6B94E3D0}.Release|Any CPU.Build.0 = Release|Any CPU
		{433C828B-858E-4012-95FE-B0598817F334}.Debug|Any CPU.ActiveCfg = Debug|Any CPU
		{433C828B-858E-4012-95FE-B0598817F334}.Debug|Any CPU.Build.0 = Debug|Any CPU
		{433C828B-858E-4012-95FE-B0598817F334}.Release|Any CPU.ActiveCfg = Release|Any CPU
		{433C828B-858E-4012-95FE-B0598817F334}.Release|Any CPU.Build.0 = Release|Any CPU
		{BA2619F7-E91C-4A8D-BC1A-A1490E041E51}.Debug|Any CPU.ActiveCfg = Debug|Any CPU
		{BA2619F7-E91C-4A8D-BC1A-A1490E041E51}.Debug|Any CPU.Build.0 = Debug|Any CPU
		{BA2619F7-E91C-4A8D-BC1A-A1490E041E51}.Release|Any CPU.ActiveCfg = Release|Any CPU
		{BA2619F7-E91C-4A8D-BC1A-A1490E041E51}.Release|Any CPU.Build.0 = Release|Any CPU
	EndGlobalSection
	GlobalSection(SolutionProperties) = preSolution
		HideSolutionNode = FALSE
	EndGlobalSection
	GlobalSection(NestedProjects) = preSolution
		{3487BD5A-E0F8-4482-8163-A59882835D39} = {17E636A9-BC53-4A85-A566-FCE065CDEF62}
		{453167AD-453E-4CE2-B031-1E4A6B94E3D0} = {17E636A9-BC53-4A85-A566-FCE065CDEF62}
		{433C828B-858E-4012-95FE-B0598817F334} = {17E636A9-BC53-4A85-A566-FCE065CDEF62}
		{BA2619F7-E91C-4A8D-BC1A-A1490E041E51} = {684B3D0F-7AF6-4B7B-BD94-A29669218488}
	EndGlobalSection
	GlobalSection(ExtensibilityGlobals) = postSolution
		SolutionGuid = {E099AE80-410D-48CF-82F7-FBFE41878CF1}
	EndGlobalSection
EndGlobal
